
Microsoft Visual Studio Solution File, Format Version 12.00
# Visual Studio Version 17
VisualStudioVersion = 17.7.34003.232
MinimumVisualStudioVersion = 10.0.40219.1
Project("{FAE04EC0-301F-11D3-BF4B-00C04F79EFBC}") = "CEIS 400 project code", "CEIS 400 project code\CEIS 400 project code.csproj", "{A7998593-24A1-47EF-931E-81A3EA13A5AB}"
EndProject
Global
	GlobalSection(SolutionConfigurationPlatforms) = preSolution
		Debug|Any CPU = Debug|Any CPU
		Release|Any CPU = Release|Any CPU
	EndGlobalSection
	GlobalSection(ProjectConfigurationPlatforms) = postSolution
		{A7998593-24A1-47EF-931E-81A3EA13A5AB}.Debug|Any CPU.ActiveCfg = Debug|Any CPU
		{A7998593-24A1-47EF-931E-81A3EA13A5AB}.Debug|Any CPU.Build.0 = Debug|Any CPU
		{A7998593-24A1-47EF-931E-81A3EA13A5AB}.Release|Any CPU.ActiveCfg = Release|Any CPU
		{A7998593-24A1-47EF-931E-81A3EA13A5AB}.Release|Any CPU.Build.0 = Release|Any CPU
	EndGlobalSection
	GlobalSection(SolutionProperties) = preSolution
		HideSolutionNode = FALSE
	EndGlobalSection
	GlobalSection(ExtensibilityGlobals) = postSolution
		SolutionGuid = {AC3FC0D8-5D99-4B31-B4B1-A95AD6B4D414}
	EndGlobalSection
EndGlobal
